
Microsoft Visual Studio Solution File, Format Version 12.00
# Visual Studio Version 17
VisualStudioVersion = 17.10.35122.118
MinimumVisualStudioVersion = 10.0.40219.1
Project("{FAE04EC0-301F-11D3-BF4B-00C04F79EFBC}") = "PE-Problem-1", "PE-Problem-1.csproj", "{B05A2532-CEB5-42B6-9CAA-4F246F7A7260}"
EndProject
Global
	GlobalSection(SolutionConfigurationPlatforms) = preSolution
		Debug|Any CPU = Debug|Any CPU
		Release|Any CPU = Release|Any CPU
	EndGlobalSection
	GlobalSection(ProjectConfigurationPlatforms) = postSolution
		{B05A2532-CEB5-42B6-9CAA-4F246F7A7260}.Debug|Any CPU.ActiveCfg = Debug|Any CPU
		{B05A2532-CEB5-42B6-9CAA-4F246F7A7260}.Debug|Any CPU.Build.0 = Debug|Any CPU
		{B05A2532-CEB5-42B6-9CAA-4F246F7A7260}.Release|Any CPU.ActiveCfg = Release|Any CPU
		{B05A2532-CEB5-42B6-9CAA-4F246F7A7260}.Release|Any CPU.Build.0 = Release|Any CPU
	EndGlobalSection
	GlobalSection(SolutionProperties) = preSolution
		HideSolutionNode = FALSE
	EndGlobalSection
	GlobalSection(ExtensibilityGlobals) = postSolution
		SolutionGuid = {66B660AE-F915-4A87-BEBD-C4B6849C1516}
	EndGlobalSection
EndGlobal
